
Microsoft Visual Studio Solution File, Format Version 12.00
# Visual Studio Version 17
VisualStudioVersion = 17.6.33723.286
MinimumVisualStudioVersion = 10.0.40219.1
Project("{FAE04EC0-301F-11D3-BF4B-00C04F79EFBC}") = "notify.Android", "notify\notify.Android\notify.Android.csproj", "{6383F9BA-1472-4C05-994A-00A1CE11EB83}"
EndProject
Project("{FAE04EC0-301F-11D3-BF4B-00C04F79EFBC}") = "notify", "notify\notify\notify.csproj", "{D3BDE1AE-E6D7-4F0D-88CE-D140D7261AB7}"
EndProject
Global
	GlobalSection(SolutionConfigurationPlatforms) = preSolution
		Debug|Any CPU = Debug|Any CPU
		Release|Any CPU = Release|Any CPU
	EndGlobalSection
	GlobalSection(ProjectConfigurationPlatforms) = postSolution
		{6383F9BA-1472-4C05-994A-00A1CE11EB83}.Debug|Any CPU.ActiveCfg = Debug|Any CPU
		{6383F9BA-1472-4C05-994A-00A1CE11EB83}.Debug|Any CPU.Build.0 = Debug|Any CPU
		{6383F9BA-1472-4C05-994A-00A1CE11EB83}.Debug|Any CPU.Deploy.0 = Debug|Any CPU
		{6383F9BA-1472-4C05-994A-00A1CE11EB83}.Release|Any CPU.ActiveCfg = Release|Any CPU
		{6383F9BA-1472-4C05-994A-00A1CE11EB83}.Release|Any CPU.Build.0 = Release|Any CPU
		{6383F9BA-1472-4C05-994A-00A1CE11EB83}.Release|Any CPU.Deploy.0 = Release|Any CPU
		{D3BDE1AE-E6D7-4F0D-88CE-D140D7261AB7}.Debug|Any CPU.ActiveCfg = Debug|Any CPU
		{D3BDE1AE-E6D7-4F0D-88CE-D140D7261AB7}.Debug|Any CPU.Build.0 = Debug|Any CPU
		{D3BDE1AE-E6D7-4F0D-88CE-D140D7261AB7}.Debug|Any CPU.Deploy.0 = Debug|Any CPU
		{D3BDE1AE-E6D7-4F0D-88CE-D140D7261AB7}.Release|Any CPU.ActiveCfg = Release|Any CPU
		{D3BDE1AE-E6D7-4F0D-88CE-D140D7261AB7}.Release|Any CPU.Build.0 = Release|Any CPU
		{D3BDE1AE-E6D7-4F0D-88CE-D140D7261AB7}.Release|Any CPU.Deploy.0 = Release|Any CPU
	EndGlobalSection
	GlobalSection(SolutionProperties) = preSolution
		HideSolutionNode = FALSE
	EndGlobalSection
	GlobalSection(ExtensibilityGlobals) = postSolution
		SolutionGuid = {AC6F2A68-594B-46C5-B170-CEFCBD12F257}
	EndGlobalSection
EndGlobal
